
Microsoft Visual Studio Solution File, Format Version 12.00
# Visual Studio Version 17
VisualStudioVersion = 17.11.35312.102
MinimumVisualStudioVersion = 10.0.40219.1
Project("{9A19103F-16F7-4668-BE54-9A1E7A4F7556}") = "ConsoleUI", "Vrijwilligerswerk\ConsoleUI.csproj", "{A61DCF40-3466-46B8-9451-74856DE7B1B6}"
EndProject
Project("{FAE04EC0-301F-11D3-BF4B-00C04F79EFBC}") = "Domain", "Domain\Domain.csproj", "{0431EC98-C23F-491A-BCB9-724AA9E509DC}"
EndProject
Project("{FAE04EC0-301F-11D3-BF4B-00C04F79EFBC}") = "Infrastructure", "Infrastructure\Infrastructure.csproj", "{4297A465-D398-4688-96A2-9894865745F5}"
EndProject
Global
	GlobalSection(SolutionConfigurationPlatforms) = preSolution
		Debug|Any CPU = Debug|Any CPU
		Release|Any CPU = Release|Any CPU
	EndGlobalSection
	GlobalSection(ProjectConfigurationPlatforms) = postSolution
		{A61DCF40-3466-46B8-9451-74856DE7B1B6}.Debug|Any CPU.ActiveCfg = Debug|Any CPU
		{A61DCF40-3466-46B8-9451-74856DE7B1B6}.Debug|Any CPU.Build.0 = Debug|Any CPU
		{A61DCF40-3466-46B8-9451-74856DE7B1B6}.Release|Any CPU.ActiveCfg = Release|Any CPU
		{A61DCF40-3466-46B8-9451-74856DE7B1B6}.Release|Any CPU.Build.0 = Release|Any CPU
		{0431EC98-C23F-491A-BCB9-724AA9E509DC}.Debug|Any CPU.ActiveCfg = Debug|Any CPU
		{0431EC98-C23F-491A-BCB9-724AA9E509DC}.Debug|Any CPU.Build.0 = Debug|Any CPU
		{0431EC98-C23F-491A-BCB9-724AA9E509DC}.Release|Any CPU.ActiveCfg = Release|Any CPU
		{0431EC98-C23F-491A-BCB9-724AA9E509DC}.Release|Any CPU.Build.0 = Release|Any CPU
		{4297A465-D398-4688-96A2-9894865745F5}.Debug|Any CPU.ActiveCfg = Debug|Any CPU
		{4297A465-D398-4688-96A2-9894865745F5}.Debug|Any CPU.Build.0 = Debug|Any CPU
		{4297A465-D398-4688-96A2-9894865745F5}.Release|Any CPU.ActiveCfg = Release|Any CPU
		{4297A465-D398-4688-96A2-9894865745F5}.Release|Any CPU.Build.0 = Release|Any CPU
	EndGlobalSection
	GlobalSection(SolutionProperties) = preSolution
		HideSolutionNode = FALSE
	EndGlobalSection
	GlobalSection(ExtensibilityGlobals) = postSolution
		SolutionGuid = {F854FA6E-89BA-4A29-8E40-18A79032A2DC}
	EndGlobalSection
EndGlobal
